PODS:
  - Alamofire (5.6.2)
  - Kingfisher (7.4.1)
  - ProgressHUD (13.6)
  - Realm (10.32.3):
    - Realm/Headers (= 10.32.3)
  - Realm/Headers (10.32.3)
  - RealmSwift (10.32.3):
    - Realm (= 10.32.3)

DEPENDENCIES:
  - Alamofire
  - Kingfisher
  - ProgressHUD
  - RealmSwift (~> 10)

SPEC REPOS:
  trunk:
    - Alamofire
    - Kingfisher
    - ProgressHUD
    - Realm
    - RealmSwift

SPEC CHECKSUMS:
  Alamofire: d368e1ff8a298e6dde360e35a3e68e6c610e7204
  Kingfisher: cd762a593a61b2fbecf7645c00f9a801a3ebfc9c
  ProgressHUD: 4bdaa0d2ddf676b23324b199f9facffb5c3a1620
  Realm: fdf6732924dc5e69e30e0db2c11e869f92b53f3d
  RealmSwift: 7c181da8fa1c2fe613656a77c198d6a3dc3879a1

PODFILE CHECKSUM: d0415e2fb1fa005e839c6d6b36cb4e155b2a84d2

COCOAPODS: 1.11.3
